// !$*UTF8*$!
{
	archiveVersion = 1;
	classes = {
	};
	objectVersion = 50;
	objects = {

/* Begin PBXBuildFile section */
		463254762134E22300FE8999 /* main.cpp in Sources */ = {isa = PBXBuildFile; fileRef = 463254752134E22300FE8999 /* main.cpp */; };
		463254812134EDDF00FE8999 /* libcurl.4.tbd in Frameworks */ = {isa = PBXBuildFile; fileRef = 463254802134EDDF00FE8999 /* libcurl.4.tbd */; };
		463254832134EDF200FE8999 /* libcurl.4.dylib in Frameworks */ = {isa = PBXBuildFile; fileRef = 463254822134EDF200FE8999 /* libcurl.4.dylib */; };
/* End PBXBuildFile section */

/* Begin PBXCopyFilesBuildPhase section */
		463254702134E22300FE8999 /* CopyFiles */ = {
			isa = PBXCopyFilesBuildPhase;
			buildActionMask = 2147483647;
			dstPath = /usr/share/man/man1/;
			dstSubfolderSpec = 0;
			files = (
			);
			runOnlyForDeploymentPostprocessing = 1;
		};
/* End PBXCopyFilesBuildPhase section */

/* Begin PBXFileReference section */
		463254722134E22300FE8999 /* bridges_program */ = {isa = PBXFileReference; explicitFileType = "compiled.mach-o.executable"; includeInIndex = 0; path = bridges_program; sourceTree = BUILT_PRODUCTS_DIR; };
		463254752134E22300FE8999 /* main.cpp */ = {isa = PBXFileReference; lastKnownFileType = sourcecode.cpp.cpp; path = main.cpp; sourceTree = "<group>"; };
		4632547C2134E31900FE8999 /* curl-7.61.0 */ = {isa = PBXFileReference; lastKnownFileType = folder; name = "curl-7.61.0"; path = "../../../../Desktop/curl-7.61.0"; sourceTree = "<group>"; };
		4632547D2134E6F600FE8999 /* curl761 */ = {isa = PBXFileReference; lastKnownFileType = folder; name = curl761; path = ../../../curl761; sourceTree = "<group>"; };
		4632547E2134EACB00FE8999 /* src */ = {isa = PBXFileReference; lastKnownFileType = folder; path = src; sourceTree = "<group>"; };
		463254802134EDDF00FE8999 /* libcurl.4.tbd */ = {isa = PBXFileReference; lastKnownFileType = "sourcecode.text-based-dylib-definition"; name = libcurl.4.tbd; path = usr/lib/libcurl.4.tbd; sourceTree = SDKROOT; };
		463254822134EDF200FE8999 /* libcurl.4.dylib */ = {isa = PBXFileReference; lastKnownFileType = "compiled.mach-o.dylib"; name = libcurl.4.dylib; path = ../../curl761/lib/libcurl.4.dylib; sourceTree = "<group>"; };
/* End PBXFileReference section */

/* Begin PBXFrameworksBuildPhase section */
		4632546F2134E22300FE8999 /* Frameworks */ = {
			isa = PBXFrameworksBuildPhase;
			buildActionMask = 2147483647;
			files = (
				463254832134EDF200FE8999 /* libcurl.4.dylib in Frameworks */,
				463254812134EDDF00FE8999 /* libcurl.4.tbd in Frameworks */,
			);
			runOnlyForDeploymentPostprocessing = 0;
		};
/* End PBXFrameworksBuildPhase section */

/* Begin PBXGroup section */
		463254692134E22300FE8999 = {
			isa = PBXGroup;
			children = (
				463254742134E22300FE8999 /* bridges_program */,
				463254732134E22300FE8999 /* Products */,
				4632547F2134EDDE00FE8999 /* Frameworks */,
			);
			sourceTree = "<group>";
		};
		463254732134E22300FE8999 /* Products */ = {
			isa = PBXGroup;
			children = (
				463254722134E22300FE8999 /* bridges_program */,
			);
			name = Products;
			sourceTree = "<group>";
		};
		463254742134E22300FE8999 /* bridges_program */ = {
			isa = PBXGroup;
			children = (
				4632547E2134EACB00FE8999 /* src */,
				4632547D2134E6F600FE8999 /* curl761 */,
				4632547C2134E31900FE8999 /* curl-7.61.0 */,
				463254752134E22300FE8999 /* main.cpp */,
			);
			path = bridges_program;
			sourceTree = "<group>";
		};
		4632547F2134EDDE00FE8999 /* Frameworks */ = {
			isa = PBXGroup;
			children = (
				463254822134EDF200FE8999 /* libcurl.4.dylib */,
				463254802134EDDF00FE8999 /* libcurl.4.tbd */,
			);
			name = Frameworks;
			sourceTree = "<group>";
		};
/* End PBXGroup section */

/* Begin PBXNativeTarget section */
		463254712134E22300FE8999 /* bridges_program */ = {
			isa = PBXNativeTarget;
			buildConfigurationList = 463254792134E22300FE8999 /* Build configuration list for PBXNativeTarget "bridges_program" */;
			buildPhases = (
				4632546E2134E22300FE8999 /* Sources */,
				4632546F2134E22300FE8999 /* Frameworks */,
				463254702134E22300FE8999 /* CopyFiles */,
			);
			buildRules = (
			);
			dependencies = (
			);
			name = bridges_program;
			productName = bridges_program;
			productReference = 463254722134E22300FE8999 /* bridges_program */;
			productType = "com.apple.product-type.tool";
		};
/* End PBXNativeTarget section */

/* Begin PBXProject section */
		4632546A2134E22300FE8999 /* Project object */ = {
			isa = PBXProject;
			attributes = {
				LastUpgradeCheck = 0940;
				ORGANIZATIONNAME = "Loi Phung";
				TargetAttributes = {
					463254712134E22300FE8999 = {
						CreatedOnToolsVersion = 9.4.1;
					};
				};
			};
			buildConfigurationList = 4632546D2134E22300FE8999 /* Build configuration list for PBXProject "bridges_program" */;
			compatibilityVersion = "Xcode 9.3";
			developmentRegion = en;
			hasScannedForEncodings = 0;
			knownRegions = (
				en,
			);
			mainGroup = 463254692134E22300FE8999;
			productRefGroup = 463254732134E22300FE8999 /* Products */;
			projectDirPath = "";
			projectRoot = "";
			targets = (
				463254712134E22300FE8999 /* bridges_program */,
			);
		};
/* End PBXProject section */

/* Begin PBXSourcesBuildPhase section */
		4632546E2134E22300FE8999 /* Sources */ = {
			isa = PBXSourcesBuildPhase;
			buildActionMask = 2147483647;
			files = (
				463254762134E22300FE8999 /* main.cpp in Sources */,
			);
			runOnlyForDeploymentPostprocessing = 0;
		};
/* End PBXSourcesBuildPhase section */

/* Begin XCBuildConfiguration section */
		463254772134E22300FE8999 /* Debug */ = {
			isa = XCBuildConfiguration;
			buildSettings = {
				ALWAYS_SEARCH_USER_PATHS = NO;
				CLANG_ANALYZER_NONNULL = YES;
				CLANG_ANALYZER_NUMBER_OBJECT_CONVERSION = YES_AGGRESSIVE;
				CLANG_CXX_LANGUAGE_STANDARD = "gnu++14";
				CLANG_CXX_LIBRARY = "libc++";
				CLANG_ENABLE_MODULES = YES;
				CLANG_ENABLE_OBJC_ARC = YES;
				CLANG_ENABLE_OBJC_WEAK = YES;
				CLANG_WARN_BLOCK_CAPTURE_AUTORELEASING = YES;
				CLANG_WARN_BOOL_CONVERSION = YES;
				CLANG_WARN_COMMA = YES;
				CLANG_WARN_CONSTANT_CONVERSION = YES;
				CLANG_WARN_DEPRECATED_OBJC_IMPLEMENTATIONS = YES;
				CLANG_WARN_DIRECT_OBJC_ISA_USAGE = YES_ERROR;
				CLANG_WARN_DOCUMENTATION_COMMENTS = YES;
				CLANG_WARN_EMPTY_BODY = YES;
				CLANG_WARN_ENUM_CONVERSION = YES;
				CLANG_WARN_INFINITE_RECURSION = YES;
				CLANG_WARN_INT_CONVERSION = YES;
				CLANG_WARN_NON_LITERAL_NULL_CONVERSION = YES;
				CLANG_WARN_OBJC_IMPLICIT_RETAIN_SELF = YES;
				CLANG_WARN_OBJC_LITERAL_CONVERSION = YES;
				CLANG_WARN_OBJC_ROOT_CLASS = YES_ERROR;
				CLANG_WARN_RANGE_LOOP_ANALYSIS = YES;
				CLANG_WARN_STRICT_PROTOTYPES = YES;
				CLANG_WARN_SUSPICIOUS_MOVE = YES;
				CLANG_WARN_UNGUARDED_AVAILABILITY = YES_AGGRESSIVE;
				CLANG_WARN_UNREACHABLE_CODE = YES;
				CLANG_WARN__DUPLICATE_METHOD_MATCH = YES;
				CODE_SIGN_IDENTITY = "-";
				COPY_PHASE_STRIP = NO;
				DEBUG_INFORMATION_FORMAT = dwarf;
				ENABLE_STRICT_OBJC_MSGSEND = YES;
				ENABLE_TESTABILITY = YES;
				GCC_C_LANGUAGE_STANDARD = gnu11;
				GCC_DYNAMIC_NO_PIC = NO;
				GCC_NO_COMMON_BLOCKS = YES;
				GCC_OPTIMIZATION_LEVEL = 0;
				GCC_PREPROCESSOR_DEFINITIONS = (
					"DEBUG=1",
					"$(inherited)",
				);
				GCC_WARN_64_TO_32_BIT_CONVERSION = YES;
				GCC_WARN_ABOUT_RETURN_TYPE = YES_ERROR;
				GCC_WARN_UNDECLARED_SELECTOR = YES;
				GCC_WARN_UNINITIALIZED_AUTOS = YES_AGGRESSIVE;
				GCC_WARN_UNUSED_FUNCTION = YES;
				GCC_WARN_UNUSED_VARIABLE = YES;
				MACOSX_DEPLOYMENT_TARGET = 10.13;
				MTL_ENABLE_DEBUG_INFO = YES;
				ONLY_ACTIVE_ARCH = YES;
				SDKROOT = macosx;
			};
			name = Debug;
		};
		463254782134E22300FE8999 /* Release */ = {
			isa = XCBuildConfiguration;
			buildSettings = {
				ALWAYS_SEARCH_USER_PATHS = NO;
				CLANG_ANALYZER_NONNULL = YES;
				CLANG_ANALYZER_NUMBER_OBJECT_CONVERSION = YES_AGGRESSIVE;
				CLANG_CXX_LANGUAGE_STANDARD = "gnu++14";
				CLANG_CXX_LIBRARY = "libc++";
				CLANG_ENABLE_MODULES = YES;
				CLANG_ENABLE_OBJC_ARC = YES;
				CLANG_ENABLE_OBJC_WEAK = YES;
				CLANG_WARN_BLOCK_CAPTURE_AUTORELEASING = YES;
				CLANG_WARN_BOOL_CONVERSION = YES;
				CLANG_WARN_COMMA = YES;
				CLANG_WARN_CONSTANT_CONVERSION = YES;
				CLANG_WARN_DEPRECATED_OBJC_IMPLEMENTATIONS = YES;
				CLANG_WARN_DIRECT_OBJC_ISA_USAGE = YES_ERROR;
				CLANG_WARN_DOCUMENTATION_COMMENTS = YES;
				CLANG_WARN_EMPTY_BODY = YES;
				CLANG_WARN_ENUM_CONVERSION = YES;
				CLANG_WARN_INFINITE_RECURSION = YES;
				CLANG_WARN_INT_CONVERSION = YES;
				CLANG_WARN_NON_LITERAL_NULL_CONVERSION = YES;
				CLANG_WARN_OBJC_IMPLICIT_RETAIN_SELF = YES;
				CLANG_WARN_OBJC_LITERAL_CONVERSION = YES;
				CLANG_WARN_OBJC_ROOT_CLASS = YES_ERROR;
				CLANG_WARN_RANGE_LOOP_ANALYSIS = YES;
				CLANG_WARN_STRICT_PROTOTYPES = YES;
				CLANG_WARN_SUSPICIOUS_MOVE = YES;
				CLANG_WARN_UNGUARDED_AVAILABILITY = YES_AGGRESSIVE;
				CLANG_WARN_UNREACHABLE_CODE = YES;
				CLANG_WARN__DUPLICATE_METHOD_MATCH = YES;
				CODE_SIGN_IDENTITY = "-";
				COPY_PHASE_STRIP = NO;
				DEBUG_INFORMATION_FORMAT = "dwarf-with-dsym";
				ENABLE_NS_ASSERTIONS = NO;
				ENABLE_STRICT_OBJC_MSGSEND = YES;
				GCC_C_LANGUAGE_STANDARD = gnu11;
				GCC_NO_COMMON_BLOCKS = YES;
				GCC_WARN_64_TO_32_BIT_CONVERSION = YES;
				GCC_WARN_ABOUT_RETURN_TYPE = YES_ERROR;
				GCC_WARN_UNDECLARED_SELECTOR = YES;
				GCC_WARN_UNINITIALIZED_AUTOS = YES_AGGRESSIVE;
				GCC_WARN_UNUSED_FUNCTION = YES;
				GCC_WARN_UNUSED_VARIABLE = YES;
				MACOSX_DEPLOYMENT_TARGET = 10.13;
				MTL_ENABLE_DEBUG_INFO = NO;
				SDKROOT = macosx;
			};
			name = Release;
		};
		4632547A2134E22300FE8999 /* Debug */ = {
			isa = XCBuildConfiguration;
			buildSettings = {
				CODE_SIGN_STYLE = Automatic;
				HEADER_SEARCH_PATHS = /Users/LoiPhung/Documents/curl761;
				"HEADER_SEARCH_PATHS[arch=*]" = "";
				LIBRARY_SEARCH_PATHS = /Users/LoiPhung/Documents/curl761;
				PRODUCT_NAME = "$(TARGET_NAME)";
			};
			name = Debug;
		};
		4632547B2134E22300FE8999 /* Release */ = {
			isa = XCBuildConfiguration;
			buildSettings = {
				CODE_SIGN_STYLE = Automatic;
				HEADER_SEARCH_PATHS = /Users/LoiPhung/Documents/curl761;
				LIBRARY_SEARCH_PATHS = /Users/LoiPhung/Documents/curl761;
				PRODUCT_NAME = "$(TARGET_NAME)";
			};
			name = Release;
		};
/* End XCBuildConfiguration section */

/* Begin XCConfigurationList section */
		4632546D2134E22300FE8999 /* Build configuration list for PBXProject "bridges_program" */ = {
			isa = XCConfigurationList;
			buildConfigurations = (
				463254772134E22300FE8999 /* Debug */,
				463254782134E22300FE8999 /* Release */,
			);
			defaultConfigurationIsVisible = 0;
			defaultConfigurationName = Release;
		};
		463254792134E22300FE8999 /* Build configuration list for PBXNativeTarget "bridges_program" */ = {
			isa = XCConfigurationList;
			buildConfigurations = (
				4632547A2134E22300FE8999 /* Debug */,
				4632547B2134E22300FE8999 /* Release */,
			);
			defaultConfigurationIsVisible = 0;
			defaultConfigurationName = Release;
		};
/* End XCConfigurationList section */
	};
	rootObject = 4632546A2134E22300FE8999 /* Project object */;
}
